
Microsoft Visual Studio Solution File, Format Version 12.00
# Visual Studio Version 16
VisualStudioVersion = 16.0.33529.622
MinimumVisualStudioVersion = 10.0.40219.1
Project("{9A19103F-16F7-4668-BE54-9A1E7A4F7556}") = "AccessManagementPlugins", "AccessManagementPlugins.csproj", "{C6055337-C4AB-4FBE-BAFB-C80430C06081}"
EndProject
Global
	GlobalSection(SolutionConfigurationPlatforms) = preSolution
		Debug|Any CPU = Debug|Any CPU
		Release|Any CPU = Release|Any CPU
	EndGlobalSection
	GlobalSection(ProjectConfigurationPlatforms) = postSolution
		{C6055337-C4AB-4FBE-BAFB-C80430C06081}.Debug|Any CPU.ActiveCfg = Debug|Any CPU
		{C6055337-C4AB-4FBE-BAFB-C80430C06081}.Debug|Any CPU.Build.0 = Debug|Any CPU
		{C6055337-C4AB-4FBE-BAFB-C80430C06081}.Release|Any CPU.ActiveCfg = Release|Any CPU
		{C6055337-C4AB-4FBE-BAFB-C80430C06081}.Release|Any CPU.Build.0 = Release|Any CPU
	EndGlobalSection
	GlobalSection(SolutionProperties) = preSolution
		HideSolutionNode = FALSE
	EndGlobalSection
	GlobalSection(ExtensibilityGlobals) = postSolution
		SolutionGuid = {CCE13789-1E22-48F9-9F43-605400EE687F}
	EndGlobalSection
EndGlobal
