
Microsoft Visual Studio Solution File, Format Version 12.00
# Visual Studio Version 16
VisualStudioVersion = 16.0.33529.622
MinimumVisualStudioVersion = 10.0.40219.1
Project("{FAE04EC0-301F-11D3-BF4B-00C04F79EFBC}") = "AccessManagementPlugins", "AccessManagementPlugins.csproj", "{496903BC-6C2E-457C-8BD8-F790187AFCAA}"
EndProject
Global
	GlobalSection(SolutionConfigurationPlatforms) = preSolution
		Debug|Any CPU = Debug|Any CPU
		Release|Any CPU = Release|Any CPU
	EndGlobalSection
	GlobalSection(ProjectConfigurationPlatforms) = postSolution
		{496903BC-6C2E-457C-8BD8-F790187AFCAA}.Debug|Any CPU.ActiveCfg = Debug|Any CPU
		{496903BC-6C2E-457C-8BD8-F790187AFCAA}.Debug|Any CPU.Build.0 = Debug|Any CPU
		{496903BC-6C2E-457C-8BD8-F790187AFCAA}.Release|Any CPU.ActiveCfg = Release|Any CPU
		{496903BC-6C2E-457C-8BD8-F790187AFCAA}.Release|Any CPU.Build.0 = Release|Any CPU
	EndGlobalSection
	GlobalSection(SolutionProperties) = preSolution
		HideSolutionNode = FALSE
	EndGlobalSection
	GlobalSection(ExtensibilityGlobals) = postSolution
		SolutionGuid = {4C1B4B25-6C75-4BBD-B5B4-5B5F0D732EBA}
	EndGlobalSection
EndGlobal
