
Microsoft Visual Studio Solution File, Format Version 12.00
# Visual Studio Version 17
VisualStudioVersion = 17.5.33530.505
MinimumVisualStudioVersion = 10.0.40219.1
Project("{88A30576-7583-4F75-8136-5EFD2C14ADFF}") = "CrmPackage", "CrmPackage\CrmPackage.csproj", "{A463421E-D348-42F3-B126-189B0E277E2A}"
	ProjectSection(ProjectDependencies) = postProject
		{496903BC-6C2E-457C-8BD8-F790187AFCAA} = {496903BC-6C2E-457C-8BD8-F790187AFCAA}
	EndProjectSection
EndProject
Project("{FAE04EC0-301F-11D3-BF4B-00C04F79EFBC}") = "CreateAccessRequest", "CreateAccessRequest\CreateAccessRequest.csproj", "{496903BC-6C2E-457C-8BD8-F790187AFCAA}"
EndProject
Global
	GlobalSection(SolutionConfigurationPlatforms) = preSolution
		Debug|Any CPU = Debug|Any CPU
		Release|Any CPU = Release|Any CPU
	EndGlobalSection
	GlobalSection(ProjectConfigurationPlatforms) = postSolution
		{A463421E-D348-42F3-B126-189B0E277E2A}.Debug|Any CPU.ActiveCfg = Debug|Any CPU
		{A463421E-D348-42F3-B126-189B0E277E2A}.Debug|Any CPU.Build.0 = Debug|Any CPU
		{A463421E-D348-42F3-B126-189B0E277E2A}.Debug|Any CPU.Deploy.0 = Debug|Any CPU
		{A463421E-D348-42F3-B126-189B0E277E2A}.Release|Any CPU.ActiveCfg = Release|Any CPU
		{A463421E-D348-42F3-B126-189B0E277E2A}.Release|Any CPU.Build.0 = Release|Any CPU
		{A463421E-D348-42F3-B126-189B0E277E2A}.Release|Any CPU.Deploy.0 = Release|Any CPU
		{496903BC-6C2E-457C-8BD8-F790187AFCAA}.Debug|Any CPU.ActiveCfg = Debug|Any CPU
		{496903BC-6C2E-457C-8BD8-F790187AFCAA}.Debug|Any CPU.Build.0 = Debug|Any CPU
		{496903BC-6C2E-457C-8BD8-F790187AFCAA}.Release|Any CPU.ActiveCfg = Release|Any CPU
		{496903BC-6C2E-457C-8BD8-F790187AFCAA}.Release|Any CPU.Build.0 = Release|Any CPU
	EndGlobalSection
	GlobalSection(SolutionProperties) = preSolution
		HideSolutionNode = FALSE
	EndGlobalSection
	GlobalSection(ExtensibilityGlobals) = postSolution
		SolutionGuid = {B1DFA7EE-E824-4731-AEDD-15DDF911372F}
	EndGlobalSection
	GlobalSection(CRMSolutionProperties) = preSolution
		SolutionIsBoundToCRM = True
	EndGlobalSection
EndGlobal
